
Microsoft Visual Studio Solution File, Format Version 12.00
# Visual Studio Version 16
VisualStudioVersion = 25.0.1700.0
MinimumVisualStudioVersion = 10.0.40219.1
Project("{2150E333-8FDC-42A3-9474-1A3956D46DE8}") = "BankingAccount", "BankingAccount", "{19E14D8C-9A43-4428-B324-E47379F9F391}"
EndProject
Project("{2150E333-8FDC-42A3-9474-1A3956D46DE8}") = "Microservices", "Microservices", "{5257FFFD-63D8-498D-A62F-EEEAD418D774}"
EndProject
Project("{2150E333-8FDC-42A3-9474-1A3956D46DE8}") = "Command", "Command", "{BED1D81E-61F1-4659-8F67-DD7241EFD521}"
EndProject
Project("{2150E333-8FDC-42A3-9474-1A3956D46DE8}") = "Query", "Query", "{6747E0D8-4C92-4710-8C5F-0B4188AA9E70}"
EndProject
Project("{2150E333-8FDC-42A3-9474-1A3956D46DE8}") = "CQRS", "CQRS", "{5B751C74-C70F-4793-87E9-E85B83AE94BF}"
EndProject
Project("{FAE04EC0-301F-11D3-BF4B-00C04F79EFBC}") = "Banking.Cqrs.Core", "Banking.Cqrs.Core\Banking.Cqrs.Core.csproj", "{4C7E8CBB-EC40-4199-951B-13687611BF21}"
EndProject
Project("{2150E333-8FDC-42A3-9474-1A3956D46DE8}") = "Api", "Api", "{73848B2C-8B25-4170-BCC2-591A7BCA4346}"
EndProject
Project("{2150E333-8FDC-42A3-9474-1A3956D46DE8}") = "Domain", "Domain", "{23E86A21-19CF-4D94-8F83-58F54FACF7FD}"
EndProject
Project("{2150E333-8FDC-42A3-9474-1A3956D46DE8}") = "Application", "Application", "{0205C4A2-5493-4124-827C-3F44A073ED15}"
EndProject
Project("{2150E333-8FDC-42A3-9474-1A3956D46DE8}") = "Infrastructure", "Infrastructure", "{D72FA7A2-6EEA-4FD2-ADBF-DC6C21317B13}"
EndProject
Project("{FAE04EC0-301F-11D3-BF4B-00C04F79EFBC}") = "Banking.Account.Command.Domain", "Banking.Account.Command.Domain\Banking.Account.Command.Domain.csproj", "{8F8E3E3F-001E-48A9-A301-3524DE1942FC}"
EndProject
Project("{FAE04EC0-301F-11D3-BF4B-00C04F79EFBC}") = "Banking.Account.Command.Application", "Banking.Account.Command.Application\Banking.Account.Command.Application.csproj", "{9E94CFBF-5D32-49CD-905A-04DEAF6A3C13}"
EndProject
Project("{FAE04EC0-301F-11D3-BF4B-00C04F79EFBC}") = "Banking.AccountCommand.Infrastructure", "Banking.AccountCommand.Infrastructure\Banking.AccountCommand.Infrastructure.csproj", "{EEAC38C4-D8A7-4EE0-8F7E-A5055575FF9F}"
EndProject
Project("{FAE04EC0-301F-11D3-BF4B-00C04F79EFBC}") = "Banking.Account.Command.Api", "Banking.Account.Command.Api\Banking.Account.Command.Api.csproj", "{308DAB35-112E-4FC8-BD49-0C6A04F8ED2F}"
EndProject
Project("{2150E333-8FDC-42A3-9474-1A3956D46DE8}") = "Api", "Api", "{5C86EC3B-8417-4C32-869F-9FE45A3A80AE}"
EndProject
Project("{2150E333-8FDC-42A3-9474-1A3956D46DE8}") = "Application", "Application", "{29F86FD5-AA6A-418B-A2D8-87AE0106803A}"
EndProject
Project("{2150E333-8FDC-42A3-9474-1A3956D46DE8}") = "Domain", "Domain", "{695A743C-0F45-4BB9-A2D0-7D5E9F1F29F6}"
EndProject
Project("{2150E333-8FDC-42A3-9474-1A3956D46DE8}") = "Consumer", "Consumer", "{123AC0EA-13E5-40C2-81D2-6FE1DFB3A337}"
EndProject
Project("{2150E333-8FDC-42A3-9474-1A3956D46DE8}") = "Infrastructure", "Infrastructure", "{5A446709-6484-4FC7-AAE8-394187328174}"
EndProject
Project("{FAE04EC0-301F-11D3-BF4B-00C04F79EFBC}") = "Banking.Account.Query.Domain", "Banking.Account.Query.Domain\Banking.Account.Query.Domain.csproj", "{89490B3D-62B0-421B-A718-E93812C84D1D}"
EndProject
Project("{FAE04EC0-301F-11D3-BF4B-00C04F79EFBC}") = "Banking.Account.Query.Application", "Banking.Account.Query.Application\Banking.Account.Query.Application.csproj", "{DE80E532-34DA-44D0-A5ED-BB6134AAE2D3}"
EndProject
Global
	GlobalSection(SolutionConfigurationPlatforms) = preSolution
		Debug|Any CPU = Debug|Any CPU
		Release|Any CPU = Release|Any CPU
	EndGlobalSection
	GlobalSection(ProjectConfigurationPlatforms) = postSolution
		{4C7E8CBB-EC40-4199-951B-13687611BF21}.Debug|Any CPU.ActiveCfg = Debug|Any CPU
		{4C7E8CBB-EC40-4199-951B-13687611BF21}.Debug|Any CPU.Build.0 = Debug|Any CPU
		{4C7E8CBB-EC40-4199-951B-13687611BF21}.Release|Any CPU.ActiveCfg = Release|Any CPU
		{4C7E8CBB-EC40-4199-951B-13687611BF21}.Release|Any CPU.Build.0 = Release|Any CPU
		{8F8E3E3F-001E-48A9-A301-3524DE1942FC}.Debug|Any CPU.ActiveCfg = Debug|Any CPU
		{8F8E3E3F-001E-48A9-A301-3524DE1942FC}.Debug|Any CPU.Build.0 = Debug|Any CPU
		{8F8E3E3F-001E-48A9-A301-3524DE1942FC}.Release|Any CPU.ActiveCfg = Release|Any CPU
		{8F8E3E3F-001E-48A9-A301-3524DE1942FC}.Release|Any CPU.Build.0 = Release|Any CPU
		{9E94CFBF-5D32-49CD-905A-04DEAF6A3C13}.Debug|Any CPU.ActiveCfg = Debug|Any CPU
		{9E94CFBF-5D32-49CD-905A-04DEAF6A3C13}.Debug|Any CPU.Build.0 = Debug|Any CPU
		{9E94CFBF-5D32-49CD-905A-04DEAF6A3C13}.Release|Any CPU.ActiveCfg = Release|Any CPU
		{9E94CFBF-5D32-49CD-905A-04DEAF6A3C13}.Release|Any CPU.Build.0 = Release|Any CPU
		{EEAC38C4-D8A7-4EE0-8F7E-A5055575FF9F}.Debug|Any CPU.ActiveCfg = Debug|Any CPU
		{EEAC38C4-D8A7-4EE0-8F7E-A5055575FF9F}.Debug|Any CPU.Build.0 = Debug|Any CPU
		{EEAC38C4-D8A7-4EE0-8F7E-A5055575FF9F}.Release|Any CPU.ActiveCfg = Release|Any CPU
		{EEAC38C4-D8A7-4EE0-8F7E-A5055575FF9F}.Release|Any CPU.Build.0 = Release|Any CPU
		{308DAB35-112E-4FC8-BD49-0C6A04F8ED2F}.Debug|Any CPU.ActiveCfg = Debug|Any CPU
		{308DAB35-112E-4FC8-BD49-0C6A04F8ED2F}.Debug|Any CPU.Build.0 = Debug|Any CPU
		{308DAB35-112E-4FC8-BD49-0C6A04F8ED2F}.Release|Any CPU.ActiveCfg = Release|Any CPU
		{308DAB35-112E-4FC8-BD49-0C6A04F8ED2F}.Release|Any CPU.Build.0 = Release|Any CPU
		{89490B3D-62B0-421B-A718-E93812C84D1D}.Debug|Any CPU.ActiveCfg = Debug|Any CPU
		{89490B3D-62B0-421B-A718-E93812C84D1D}.Debug|Any CPU.Build.0 = Debug|Any CPU
		{89490B3D-62B0-421B-A718-E93812C84D1D}.Release|Any CPU.ActiveCfg = Release|Any CPU
		{89490B3D-62B0-421B-A718-E93812C84D1D}.Release|Any CPU.Build.0 = Release|Any CPU
		{DE80E532-34DA-44D0-A5ED-BB6134AAE2D3}.Debug|Any CPU.ActiveCfg = Debug|Any CPU
		{DE80E532-34DA-44D0-A5ED-BB6134AAE2D3}.Debug|Any CPU.Build.0 = Debug|Any CPU
		{DE80E532-34DA-44D0-A5ED-BB6134AAE2D3}.Release|Any CPU.ActiveCfg = Release|Any CPU
		{DE80E532-34DA-44D0-A5ED-BB6134AAE2D3}.Release|Any CPU.Build.0 = Release|Any CPU
	EndGlobalSection
	GlobalSection(SolutionProperties) = preSolution
		HideSolutionNode = FALSE
	EndGlobalSection
	GlobalSection(ExtensibilityGlobals) = postSolution
		SolutionGuid = {ECCDD355-233B-4F3D-BEB4-86BF229A3E6A}
	EndGlobalSection
	GlobalSection(NestedProjects) = preSolution
		{5257FFFD-63D8-498D-A62F-EEEAD418D774} = {19E14D8C-9A43-4428-B324-E47379F9F391}
		{BED1D81E-61F1-4659-8F67-DD7241EFD521} = {5257FFFD-63D8-498D-A62F-EEEAD418D774}
		{6747E0D8-4C92-4710-8C5F-0B4188AA9E70} = {5257FFFD-63D8-498D-A62F-EEEAD418D774}
		{5B751C74-C70F-4793-87E9-E85B83AE94BF} = {19E14D8C-9A43-4428-B324-E47379F9F391}
		{4C7E8CBB-EC40-4199-951B-13687611BF21} = {5B751C74-C70F-4793-87E9-E85B83AE94BF}
		{73848B2C-8B25-4170-BCC2-591A7BCA4346} = {BED1D81E-61F1-4659-8F67-DD7241EFD521}
		{23E86A21-19CF-4D94-8F83-58F54FACF7FD} = {BED1D81E-61F1-4659-8F67-DD7241EFD521}
		{0205C4A2-5493-4124-827C-3F44A073ED15} = {BED1D81E-61F1-4659-8F67-DD7241EFD521}
		{D72FA7A2-6EEA-4FD2-ADBF-DC6C21317B13} = {BED1D81E-61F1-4659-8F67-DD7241EFD521}
		{8F8E3E3F-001E-48A9-A301-3524DE1942FC} = {23E86A21-19CF-4D94-8F83-58F54FACF7FD}
		{9E94CFBF-5D32-49CD-905A-04DEAF6A3C13} = {0205C4A2-5493-4124-827C-3F44A073ED15}
		{EEAC38C4-D8A7-4EE0-8F7E-A5055575FF9F} = {D72FA7A2-6EEA-4FD2-ADBF-DC6C21317B13}
		{308DAB35-112E-4FC8-BD49-0C6A04F8ED2F} = {73848B2C-8B25-4170-BCC2-591A7BCA4346}
		{5C86EC3B-8417-4C32-869F-9FE45A3A80AE} = {6747E0D8-4C92-4710-8C5F-0B4188AA9E70}
		{29F86FD5-AA6A-418B-A2D8-87AE0106803A} = {6747E0D8-4C92-4710-8C5F-0B4188AA9E70}
		{695A743C-0F45-4BB9-A2D0-7D5E9F1F29F6} = {6747E0D8-4C92-4710-8C5F-0B4188AA9E70}
		{123AC0EA-13E5-40C2-81D2-6FE1DFB3A337} = {6747E0D8-4C92-4710-8C5F-0B4188AA9E70}
		{5A446709-6484-4FC7-AAE8-394187328174} = {6747E0D8-4C92-4710-8C5F-0B4188AA9E70}
		{89490B3D-62B0-421B-A718-E93812C84D1D} = {695A743C-0F45-4BB9-A2D0-7D5E9F1F29F6}
		{DE80E532-34DA-44D0-A5ED-BB6134AAE2D3} = {29F86FD5-AA6A-418B-A2D8-87AE0106803A}
	EndGlobalSection
EndGlobal
